
Microsoft Visual Studio Solution File, Format Version 12.00
# Visual Studio Version 17
VisualStudioVersion = 17.0.31612.314
MinimumVisualStudioVersion = 10.0.40219.1
Project("{2150E333-8FDC-42A3-9474-1A3956D46DE8}") = "src", "src", "{0E66EE30-7076-4FD4-84D3-583B933BE91A}"
	ProjectSection(SolutionItems) = preProject
		src\Directory.Build.props = src\Directory.Build.props
	EndProjectSection
EndProject
Project("{9A19103F-16F7-4668-BE54-9A1E7A4F7556}") = "Omnidoc.Core", "src\Omnidoc.Core\Omnidoc.Core.csproj", "{DABC6B90-8F39-4D2D-8C2F-EF1B37D43B9F}"
EndProject
Project("{9A19103F-16F7-4668-BE54-9A1E7A4F7556}") = "Omnidoc.Xps", "src\Omnidoc.Xps\Omnidoc.Xps.csproj", "{58DD91FC-0525-466D-9B8C-7F38D5AAC7EB}"
EndProject
Project("{9A19103F-16F7-4668-BE54-9A1E7A4F7556}") = "Omnidoc.Image", "src\Omnidoc.Image\Omnidoc.Image.csproj", "{65859378-B4B5-4119-A099-174117C00013}"
EndProject
Project("{9A19103F-16F7-4668-BE54-9A1E7A4F7556}") = "Omnidoc.Image.Ocr", "src\Omnidoc.Image.Ocr\Omnidoc.Image.Ocr.csproj", "{C0464198-7F2E-4FDC-B96A-2E54254013DF}"
EndProject
Project("{9A19103F-16F7-4668-BE54-9A1E7A4F7556}") = "Omnidoc.Pdf", "src\Omnidoc.Pdf\Omnidoc.Pdf.csproj", "{1E72BBA4-2321-4E85-80ED-1FE7D4922149}"
EndProject
Project("{9A19103F-16F7-4668-BE54-9A1E7A4F7556}") = "Omnidoc.Xps.Windows", "src\Omnidoc.Xps.Windows\Omnidoc.Xps.Windows.csproj", "{744EFB69-8E96-450E-AAD9-06173E1A5ABB}"
EndProject
Project("{9A19103F-16F7-4668-BE54-9A1E7A4F7556}") = "Omnidoc.Image.Core", "src\Omnidoc.Image.Core\Omnidoc.Image.Core.csproj", "{0246B8D9-2F2A-4721-92C0-4CF22DCAD258}"
EndProject
Project("{2150E333-8FDC-42A3-9474-1A3956D46DE8}") = "tests", "tests", "{2FC5AE47-A531-4FE6-A971-9177660FDB2A}"
	ProjectSection(SolutionItems) = preProject
		tests\Directory.Build.props = tests\Directory.Build.props
	EndProjectSection
EndProject
Project("{9A19103F-16F7-4668-BE54-9A1E7A4F7556}") = "Omnidoc.Tests", "tests\Omnidoc.Tests\Omnidoc.Tests.csproj", "{3ADE20E7-D68B-4049-BE1C-AE7DF2A81F0F}"
EndProject
Project("{2150E333-8FDC-42A3-9474-1A3956D46DE8}") = "Solution Items", "Solution Items", "{165EFF05-507B-40C8-9655-AE59F43634B8}"
	ProjectSection(SolutionItems) = preProject
		.gitignore = .gitignore
		Directory.Build.props = Directory.Build.props
		LICENSE = LICENSE
		README.md = README.md
	EndProjectSection
EndProject
Project("{FAE04EC0-301F-11D3-BF4B-00C04F79EFBC}") = "Omnidoc.Html", "src\Omnidoc.Html\Omnidoc.Html.csproj", "{700C4E5B-282F-4057-AEFC-252C68E2EF35}"
EndProject
Project("{FAE04EC0-301F-11D3-BF4B-00C04F79EFBC}") = "Omnidoc.Html.Image", "src\Omnidoc.Html.Image\Omnidoc.Html.Image.csproj", "{1B058920-24B4-4140-8AE7-C8C6C38CA52D}"
EndProject
Project("{FAE04EC0-301F-11D3-BF4B-00C04F79EFBC}") = "Omnidoc.Html.Pdf", "src\Omnidoc.Html.Pdf\Omnidoc.Html.Pdf.csproj", "{EF653E70-E67A-4E97-A9DD-7D5EBA03DEF6}"
EndProject
Global
	GlobalSection(SolutionConfigurationPlatforms) = preSolution
		Debug|Any CPU = Debug|Any CPU
		Release|Any CPU = Release|Any CPU
	EndGlobalSection
	GlobalSection(ProjectConfigurationPlatforms) = postSolution
		{DABC6B90-8F39-4D2D-8C2F-EF1B37D43B9F}.Debug|Any CPU.ActiveCfg = Debug|Any CPU
		{DABC6B90-8F39-4D2D-8C2F-EF1B37D43B9F}.Debug|Any CPU.Build.0 = Debug|Any CPU
		{DABC6B90-8F39-4D2D-8C2F-EF1B37D43B9F}.Release|Any CPU.ActiveCfg = Release|Any CPU
		{DABC6B90-8F39-4D2D-8C2F-EF1B37D43B9F}.Release|Any CPU.Build.0 = Release|Any CPU
		{58DD91FC-0525-466D-9B8C-7F38D5AAC7EB}.Debug|Any CPU.ActiveCfg = Debug|Any CPU
		{58DD91FC-0525-466D-9B8C-7F38D5AAC7EB}.Debug|Any CPU.Build.0 = Debug|Any CPU
		{58DD91FC-0525-466D-9B8C-7F38D5AAC7EB}.Release|Any CPU.ActiveCfg = Release|Any CPU
		{58DD91FC-0525-466D-9B8C-7F38D5AAC7EB}.Release|Any CPU.Build.0 = Release|Any CPU
		{65859378-B4B5-4119-A099-174117C00013}.Debug|Any CPU.ActiveCfg = Debug|Any CPU
		{65859378-B4B5-4119-A099-174117C00013}.Debug|Any CPU.Build.0 = Debug|Any CPU
		{65859378-B4B5-4119-A099-174117C00013}.Release|Any CPU.ActiveCfg = Release|Any CPU
		{65859378-B4B5-4119-A099-174117C00013}.Release|Any CPU.Build.0 = Release|Any CPU
		{C0464198-7F2E-4FDC-B96A-2E54254013DF}.Debug|Any CPU.ActiveCfg = Debug|Any CPU
		{C0464198-7F2E-4FDC-B96A-2E54254013DF}.Debug|Any CPU.Build.0 = Debug|Any CPU
		{C0464198-7F2E-4FDC-B96A-2E54254013DF}.Release|Any CPU.ActiveCfg = Release|Any CPU
		{C0464198-7F2E-4FDC-B96A-2E54254013DF}.Release|Any CPU.Build.0 = Release|Any CPU
		{1E72BBA4-2321-4E85-80ED-1FE7D4922149}.Debug|Any CPU.ActiveCfg = Debug|Any CPU
		{1E72BBA4-2321-4E85-80ED-1FE7D4922149}.Debug|Any CPU.Build.0 = Debug|Any CPU
		{1E72BBA4-2321-4E85-80ED-1FE7D4922149}.Release|Any CPU.ActiveCfg = Release|Any CPU
		{1E72BBA4-2321-4E85-80ED-1FE7D4922149}.Release|Any CPU.Build.0 = Release|Any CPU
		{744EFB69-8E96-450E-AAD9-06173E1A5ABB}.Debug|Any CPU.ActiveCfg = Debug|Any CPU
		{744EFB69-8E96-450E-AAD9-06173E1A5ABB}.Debug|Any CPU.Build.0 = Debug|Any CPU
		{744EFB69-8E96-450E-AAD9-06173E1A5ABB}.Release|Any CPU.ActiveCfg = Release|Any CPU
		{744EFB69-8E96-450E-AAD9-06173E1A5ABB}.Release|Any CPU.Build.0 = Release|Any CPU
		{0246B8D9-2F2A-4721-92C0-4CF22DCAD258}.Debug|Any CPU.ActiveCfg = Debug|Any CPU
		{0246B8D9-2F2A-4721-92C0-4CF22DCAD258}.Debug|Any CPU.Build.0 = Debug|Any CPU
		{0246B8D9-2F2A-4721-92C0-4CF22DCAD258}.Release|Any CPU.ActiveCfg = Release|Any CPU
		{0246B8D9-2F2A-4721-92C0-4CF22DCAD258}.Release|Any CPU.Build.0 = Release|Any CPU
		{3ADE20E7-D68B-4049-BE1C-AE7DF2A81F0F}.Debug|Any CPU.ActiveCfg = Debug|Any CPU
		{3ADE20E7-D68B-4049-BE1C-AE7DF2A81F0F}.Debug|Any CPU.Build.0 = Debug|Any CPU
		{3ADE20E7-D68B-4049-BE1C-AE7DF2A81F0F}.Release|Any CPU.ActiveCfg = Release|Any CPU
		{3ADE20E7-D68B-4049-BE1C-AE7DF2A81F0F}.Release|Any CPU.Build.0 = Release|Any CPU
		{700C4E5B-282F-4057-AEFC-252C68E2EF35}.Debug|Any CPU.ActiveCfg = Debug|Any CPU
		{700C4E5B-282F-4057-AEFC-252C68E2EF35}.Debug|Any CPU.Build.0 = Debug|Any CPU
		{700C4E5B-282F-4057-AEFC-252C68E2EF35}.Release|Any CPU.ActiveCfg = Release|Any CPU
		{700C4E5B-282F-4057-AEFC-252C68E2EF35}.Release|Any CPU.Build.0 = Release|Any CPU
		{1B058920-24B4-4140-8AE7-C8C6C38CA52D}.Debug|Any CPU.ActiveCfg = Debug|Any CPU
		{1B058920-24B4-4140-8AE7-C8C6C38CA52D}.Debug|Any CPU.Build.0 = Debug|Any CPU
		{1B058920-24B4-4140-8AE7-C8C6C38CA52D}.Release|Any CPU.ActiveCfg = Debug|Any CPU
		{1B058920-24B4-4140-8AE7-C8C6C38CA52D}.Release|Any CPU.Build.0 = Debug|Any CPU
		{EF653E70-E67A-4E97-A9DD-7D5EBA03DEF6}.Debug|Any CPU.ActiveCfg = Debug|Any CPU
		{EF653E70-E67A-4E97-A9DD-7D5EBA03DEF6}.Debug|Any CPU.Build.0 = Debug|Any CPU
		{EF653E70-E67A-4E97-A9DD-7D5EBA03DEF6}.Release|Any CPU.ActiveCfg = Release|Any CPU
		{EF653E70-E67A-4E97-A9DD-7D5EBA03DEF6}.Release|Any CPU.Build.0 = Release|Any CPU
	EndGlobalSection
	GlobalSection(SolutionProperties) = preSolution
		HideSolutionNode = FALSE
	EndGlobalSection
	GlobalSection(NestedProjects) = preSolution
		{DABC6B90-8F39-4D2D-8C2F-EF1B37D43B9F} = {0E66EE30-7076-4FD4-84D3-583B933BE91A}
		{58DD91FC-0525-466D-9B8C-7F38D5AAC7EB} = {0E66EE30-7076-4FD4-84D3-583B933BE91A}
		{65859378-B4B5-4119-A099-174117C00013} = {0E66EE30-7076-4FD4-84D3-583B933BE91A}
		{C0464198-7F2E-4FDC-B96A-2E54254013DF} = {0E66EE30-7076-4FD4-84D3-583B933BE91A}
		{1E72BBA4-2321-4E85-80ED-1FE7D4922149} = {0E66EE30-7076-4FD4-84D3-583B933BE91A}
		{744EFB69-8E96-450E-AAD9-06173E1A5ABB} = {0E66EE30-7076-4FD4-84D3-583B933BE91A}
		{0246B8D9-2F2A-4721-92C0-4CF22DCAD258} = {0E66EE30-7076-4FD4-84D3-583B933BE91A}
		{3ADE20E7-D68B-4049-BE1C-AE7DF2A81F0F} = {2FC5AE47-A531-4FE6-A971-9177660FDB2A}
		{700C4E5B-282F-4057-AEFC-252C68E2EF35} = {0E66EE30-7076-4FD4-84D3-583B933BE91A}
		{1B058920-24B4-4140-8AE7-C8C6C38CA52D} = {0E66EE30-7076-4FD4-84D3-583B933BE91A}
		{EF653E70-E67A-4E97-A9DD-7D5EBA03DEF6} = {0E66EE30-7076-4FD4-84D3-583B933BE91A}
	EndGlobalSection
	GlobalSection(ExtensibilityGlobals) = postSolution
		SolutionGuid = {5BD0C251-09D6-47FA-B28A-58CD61D37E9D}
	EndGlobalSection
EndGlobal
