
Microsoft Visual Studio Solution File, Format Version 12.00
# Visual Studio Version 16
VisualStudioVersion = 16.0.30114.105
MinimumVisualStudioVersion = 10.0.40219.1
Project("{2150E333-8FDC-42A3-9474-1A3956D46DE8}") = "src", "src", "{0E66EE30-7076-4FD4-84D3-583B933BE91A}"
EndProject
Project("{FAE04EC0-301F-11D3-BF4B-00C04F79EFBC}") = "Omnidoc.Core", "src\Omnidoc.Core\Omnidoc.Core.csproj", "{DABC6B90-8F39-4D2D-8C2F-EF1B37D43B9F}"
EndProject
Project("{2150E333-8FDC-42A3-9474-1A3956D46DE8}") = "tests", "tests", "{6F03203D-F313-49E6-827E-CD963B2202F6}"
EndProject
Project("{FAE04EC0-301F-11D3-BF4B-00C04F79EFBC}") = "Omnidoc.Core.Tests", "tests\Omnidoc.Core.Tests\Omnidoc.Core.Tests.csproj", "{C1DC5F62-6BD0-4086-8C6F-541DEF3667D9}"
EndProject
Project("{FAE04EC0-301F-11D3-BF4B-00C04F79EFBC}") = "Omnidoc.Xps", "src\Omnidoc.Xps\Omnidoc.Xps.csproj", "{58DD91FC-0525-466D-9B8C-7F38D5AAC7EB}"
EndProject
Project("{FAE04EC0-301F-11D3-BF4B-00C04F79EFBC}") = "Omnidoc.HtmlToPdf", "src\Omnidoc.HtmlToPdf\Omnidoc.HtmlToPdf.csproj", "{819135A5-5567-44C9-B38F-2CACF38A44D6}"
EndProject
Project("{FAE04EC0-301F-11D3-BF4B-00C04F79EFBC}") = "Omnidoc.Image", "src\Omnidoc.Image\Omnidoc.Image.csproj", "{65859378-B4B5-4119-A099-174117C00013}"
EndProject
Project("{FAE04EC0-301F-11D3-BF4B-00C04F79EFBC}") = "Omnidoc.Image.Ocr", "src\Omnidoc.Image.Ocr\Omnidoc.Image.Ocr.csproj", "{C0464198-7F2E-4FDC-B96A-2E54254013DF}"
EndProject
Project("{FAE04EC0-301F-11D3-BF4B-00C04F79EFBC}") = "Omnidoc.Pdf", "src\Omnidoc.Pdf\Omnidoc.Pdf.csproj", "{1E72BBA4-2321-4E85-80ED-1FE7D4922149}"
EndProject
Project("{FAE04EC0-301F-11D3-BF4B-00C04F79EFBC}") = "Omnidoc.Xps.Windows", "src\Omnidoc.Xps.Windows\Omnidoc.Xps.Windows.csproj", "{744EFB69-8E96-450E-AAD9-06173E1A5ABB}"
EndProject
Project("{FAE04EC0-301F-11D3-BF4B-00C04F79EFBC}") = "Omnidoc.HtmlRenderer.PdfSharp", "src\Omnidoc.HtmlRenderer.PdfSharp\Omnidoc.HtmlRenderer.PdfSharp.csproj", "{8D46BBC8-BCB7-4C35-AE40-64481A05B87F}"
EndProject
Project("{FAE04EC0-301F-11D3-BF4B-00C04F79EFBC}") = "Omnidoc.Image.Core", "src\Omnidoc.Image.Core\Omnidoc.Image.Core.csproj", "{0246B8D9-2F2A-4721-92C0-4CF22DCAD258}"
EndProject
Global
	GlobalSection(SolutionConfigurationPlatforms) = preSolution
		Debug|Any CPU = Debug|Any CPU
		Release|Any CPU = Release|Any CPU
	EndGlobalSection
	GlobalSection(SolutionProperties) = preSolution
		HideSolutionNode = FALSE
	EndGlobalSection
	GlobalSection(ProjectConfigurationPlatforms) = postSolution
		{DABC6B90-8F39-4D2D-8C2F-EF1B37D43B9F}.Debug|Any CPU.ActiveCfg = Debug|Any CPU
		{DABC6B90-8F39-4D2D-8C2F-EF1B37D43B9F}.Debug|Any CPU.Build.0 = Debug|Any CPU
		{DABC6B90-8F39-4D2D-8C2F-EF1B37D43B9F}.Release|Any CPU.ActiveCfg = Release|Any CPU
		{DABC6B90-8F39-4D2D-8C2F-EF1B37D43B9F}.Release|Any CPU.Build.0 = Release|Any CPU
		{C1DC5F62-6BD0-4086-8C6F-541DEF3667D9}.Debug|Any CPU.ActiveCfg = Debug|Any CPU
		{C1DC5F62-6BD0-4086-8C6F-541DEF3667D9}.Debug|Any CPU.Build.0 = Debug|Any CPU
		{C1DC5F62-6BD0-4086-8C6F-541DEF3667D9}.Release|Any CPU.ActiveCfg = Release|Any CPU
		{C1DC5F62-6BD0-4086-8C6F-541DEF3667D9}.Release|Any CPU.Build.0 = Release|Any CPU
		{58DD91FC-0525-466D-9B8C-7F38D5AAC7EB}.Debug|Any CPU.ActiveCfg = Debug|Any CPU
		{58DD91FC-0525-466D-9B8C-7F38D5AAC7EB}.Debug|Any CPU.Build.0 = Debug|Any CPU
		{58DD91FC-0525-466D-9B8C-7F38D5AAC7EB}.Release|Any CPU.ActiveCfg = Release|Any CPU
		{58DD91FC-0525-466D-9B8C-7F38D5AAC7EB}.Release|Any CPU.Build.0 = Release|Any CPU
		{819135A5-5567-44C9-B38F-2CACF38A44D6}.Debug|Any CPU.ActiveCfg = Debug|Any CPU
		{819135A5-5567-44C9-B38F-2CACF38A44D6}.Debug|Any CPU.Build.0 = Debug|Any CPU
		{819135A5-5567-44C9-B38F-2CACF38A44D6}.Release|Any CPU.ActiveCfg = Release|Any CPU
		{819135A5-5567-44C9-B38F-2CACF38A44D6}.Release|Any CPU.Build.0 = Release|Any CPU
		{65859378-B4B5-4119-A099-174117C00013}.Debug|Any CPU.ActiveCfg = Debug|Any CPU
		{65859378-B4B5-4119-A099-174117C00013}.Debug|Any CPU.Build.0 = Debug|Any CPU
		{65859378-B4B5-4119-A099-174117C00013}.Release|Any CPU.ActiveCfg = Release|Any CPU
		{65859378-B4B5-4119-A099-174117C00013}.Release|Any CPU.Build.0 = Release|Any CPU
		{C0464198-7F2E-4FDC-B96A-2E54254013DF}.Debug|Any CPU.ActiveCfg = Debug|Any CPU
		{C0464198-7F2E-4FDC-B96A-2E54254013DF}.Debug|Any CPU.Build.0 = Debug|Any CPU
		{C0464198-7F2E-4FDC-B96A-2E54254013DF}.Release|Any CPU.ActiveCfg = Release|Any CPU
		{C0464198-7F2E-4FDC-B96A-2E54254013DF}.Release|Any CPU.Build.0 = Release|Any CPU
		{1E72BBA4-2321-4E85-80ED-1FE7D4922149}.Debug|Any CPU.ActiveCfg = Debug|Any CPU
		{1E72BBA4-2321-4E85-80ED-1FE7D4922149}.Debug|Any CPU.Build.0 = Debug|Any CPU
		{1E72BBA4-2321-4E85-80ED-1FE7D4922149}.Release|Any CPU.ActiveCfg = Release|Any CPU
		{1E72BBA4-2321-4E85-80ED-1FE7D4922149}.Release|Any CPU.Build.0 = Release|Any CPU
		{744EFB69-8E96-450E-AAD9-06173E1A5ABB}.Debug|Any CPU.ActiveCfg = Debug|Any CPU
		{744EFB69-8E96-450E-AAD9-06173E1A5ABB}.Debug|Any CPU.Build.0 = Debug|Any CPU
		{744EFB69-8E96-450E-AAD9-06173E1A5ABB}.Release|Any CPU.ActiveCfg = Release|Any CPU
		{744EFB69-8E96-450E-AAD9-06173E1A5ABB}.Release|Any CPU.Build.0 = Release|Any CPU
		{8D46BBC8-BCB7-4C35-AE40-64481A05B87F}.Debug|Any CPU.ActiveCfg = Debug|Any CPU
		{8D46BBC8-BCB7-4C35-AE40-64481A05B87F}.Debug|Any CPU.Build.0 = Debug|Any CPU
		{8D46BBC8-BCB7-4C35-AE40-64481A05B87F}.Release|Any CPU.ActiveCfg = Release|Any CPU
		{8D46BBC8-BCB7-4C35-AE40-64481A05B87F}.Release|Any CPU.Build.0 = Release|Any CPU
		{0246B8D9-2F2A-4721-92C0-4CF22DCAD258}.Debug|Any CPU.ActiveCfg = Debug|Any CPU
		{0246B8D9-2F2A-4721-92C0-4CF22DCAD258}.Debug|Any CPU.Build.0 = Debug|Any CPU
		{0246B8D9-2F2A-4721-92C0-4CF22DCAD258}.Release|Any CPU.ActiveCfg = Release|Any CPU
		{0246B8D9-2F2A-4721-92C0-4CF22DCAD258}.Release|Any CPU.Build.0 = Release|Any CPU
	EndGlobalSection
	GlobalSection(NestedProjects) = preSolution
		{DABC6B90-8F39-4D2D-8C2F-EF1B37D43B9F} = {0E66EE30-7076-4FD4-84D3-583B933BE91A}
		{C1DC5F62-6BD0-4086-8C6F-541DEF3667D9} = {6F03203D-F313-49E6-827E-CD963B2202F6}
		{58DD91FC-0525-466D-9B8C-7F38D5AAC7EB} = {0E66EE30-7076-4FD4-84D3-583B933BE91A}
		{819135A5-5567-44C9-B38F-2CACF38A44D6} = {0E66EE30-7076-4FD4-84D3-583B933BE91A}
		{65859378-B4B5-4119-A099-174117C00013} = {0E66EE30-7076-4FD4-84D3-583B933BE91A}
		{C0464198-7F2E-4FDC-B96A-2E54254013DF} = {0E66EE30-7076-4FD4-84D3-583B933BE91A}
		{1E72BBA4-2321-4E85-80ED-1FE7D4922149} = {0E66EE30-7076-4FD4-84D3-583B933BE91A}
		{744EFB69-8E96-450E-AAD9-06173E1A5ABB} = {0E66EE30-7076-4FD4-84D3-583B933BE91A}
		{8D46BBC8-BCB7-4C35-AE40-64481A05B87F} = {0E66EE30-7076-4FD4-84D3-583B933BE91A}
		{0246B8D9-2F2A-4721-92C0-4CF22DCAD258} = {0E66EE30-7076-4FD4-84D3-583B933BE91A}
	EndGlobalSection
EndGlobal
